
Microsoft Visual Studio Solution File, Format Version 12.00
# Visual Studio 15
VisualStudioVersion = 15.0.28307.271
MinimumVisualStudioVersion = 10.0.40219.1
Project("{FAE04EC0-301F-11D3-BF4B-00C04F79EFBC}") = "PaymentAssignment", "PaymentAssignment\PaymentAssignment.csproj", "{FA6790E7-3D70-430D-AEF0-90DB81751524}"
EndProject
Global
	GlobalSection(SolutionConfigurationPlatforms) = preSolution
		Debug|Any CPU = Debug|Any CPU
		Release|Any CPU = Release|Any CPU
	EndGlobalSection
	GlobalSection(ProjectConfigurationPlatforms) = postSolution
		{FA6790E7-3D70-430D-AEF0-90DB81751524}.Debug|Any CPU.ActiveCfg = Debug|Any CPU
		{FA6790E7-3D70-430D-AEF0-90DB81751524}.Debug|Any CPU.Build.0 = Debug|Any CPU
		{FA6790E7-3D70-430D-AEF0-90DB81751524}.Release|Any CPU.ActiveCfg = Release|Any CPU
		{FA6790E7-3D70-430D-AEF0-90DB81751524}.Release|Any CPU.Build.0 = Release|Any CPU
	EndGlobalSection
	GlobalSection(SolutionProperties) = preSolution
		HideSolutionNode = FALSE
	EndGlobalSection
	GlobalSection(ExtensibilityGlobals) = postSolution
		SolutionGuid = {A203AECD-C6EA-476E-B94D-1256862C5728}
	EndGlobalSection
EndGlobal
